// !$*UTF8*$!
{
	archiveVersion = 1;
	classes = {
	};
	objectVersion = 50;
	objects = {

/* Begin PBXBuildFile section */
		58048A142363FA4500F665F7 /* CountryPagingCell.swift in Sources */ = {isa = PBXBuildFile; fileRef = 58048A132363FA4500F665F7 /* CountryPagingCell.swift */; };
		58048A162363FAAF00F665F7 /* UIView+constraints.swift in Sources */ = {isa = PBXBuildFile; fileRef = 58048A152363FAAF00F665F7 /* UIView+constraints.swift */; };
		58048A1B2364195A00F665F7 /* Constraints.swift in Sources */ = {isa = PBXBuildFile; fileRef = 58048A1A2364195A00F665F7 /* Constraints.swift */; };
		58048A1F2364204D00F665F7 /* CityTableViewCell.swift in Sources */ = {isa = PBXBuildFile; fileRef = 58048A1E2364204D00F665F7 /* CityTableViewCell.swift */; };
		58048A212364259300F665F7 /* FixedTabelViewController.swift in Sources */ = {isa = PBXBuildFile; fileRef = 58048A202364259300F665F7 /* FixedTabelViewController.swift */; };
		58048A442364C47F00F665F7 /* cities.json in Resources */ = {isa = PBXBuildFile; fileRef = 58048A432364C47F00F665F7 /* cities.json */; };
		580AFF022365DF1C0034FEFE /* JsonParser.swift in Sources */ = {isa = PBXBuildFile; fileRef = 580AFF012365DF1C0034FEFE /* JsonParser.swift */; };
		580AFF062365DF840034FEFE /* city.swift in Sources */ = {isa = PBXBuildFile; fileRef = 580AFF032365DF840034FEFE /* city.swift */; };
		580AFF072365DF840034FEFE /* Constnats.swift in Sources */ = {isa = PBXBuildFile; fileRef = 580AFF042365DF840034FEFE /* Constnats.swift */; };
		580AFF082365DF840034FEFE /* Country.swift in Sources */ = {isa = PBXBuildFile; fileRef = 580AFF052365DF840034FEFE /* Country.swift */; };
		5836945D236BF5C900A66839 /* CountryItem.swift in Sources */ = {isa = PBXBuildFile; fileRef = 5836945A236BF5C900A66839 /* CountryItem.swift */; };
		58D673F723631C050019E3A6 /* AppDelegate.swift in Sources */ = {isa = PBXBuildFile; fileRef = 58D673F623631C050019E3A6 /* AppDelegate.swift */; };
		58D673F923631C050019E3A6 /* ViewController.swift in Sources */ = {isa = PBXBuildFile; fileRef = 58D673F823631C050019E3A6 /* ViewController.swift */; };
		58D673FC23631C050019E3A6 /* Main.storyboard in Resources */ = {isa = PBXBuildFile; fileRef = 58D673FA23631C050019E3A6 /* Main.storyboard */; };
		58D673FE23631C070019E3A6 /* Assets.xcassets in Resources */ = {isa = PBXBuildFile; fileRef = 58D673FD23631C070019E3A6 /* Assets.xcassets */; };
		58D6740123631C070019E3A6 /* LaunchScreen.storyboard in Resources */ = {isa = PBXBuildFile; fileRef = 58D673FF23631C070019E3A6 /* LaunchScreen.storyboard */; };
		7FF38657332108D4B3661AA7 /* Pods_StepByStep.framework in Frameworks */ = {isa = PBXBuildFile; fileRef = 215F511C37297A5DFF64B366 /* Pods_StepByStep.framework */; };
/* End PBXBuildFile section */

/* Begin PBXFileReference section */
		215F511C37297A5DFF64B366 /* Pods_StepByStep.framework */ = {isa = PBXFileReference; explicitFileType = wrapper.framework; includeInIndex = 0; path = Pods_StepByStep.framework; sourceTree = BUILT_PRODUCTS_DIR; };
		58048A132363FA4500F665F7 /* CountryPagingCell.swift */ = {isa = PBXFileReference; lastKnownFileType = sourcecode.swift; path = CountryPagingCell.swift; sourceTree = "<group>"; };
		58048A152363FAAF00F665F7 /* UIView+constraints.swift */ = {isa = PBXFileReference; fileEncoding = 4; lastKnownFileType = sourcecode.swift; path = "UIView+constraints.swift"; sourceTree = "<group>"; };
		58048A1A2364195A00F665F7 /* Constraints.swift */ = {isa = PBXFileReference; lastKnownFileType = sourcecode.swift; path = Constraints.swift; sourceTree = "<group>"; };
		58048A1E2364204D00F665F7 /* CityTableViewCell.swift */ = {isa = PBXFileReference; lastKnownFileType = sourcecode.swift; path = CityTableViewCell.swift; sourceTree = "<group>"; };
		58048A202364259300F665F7 /* FixedTabelViewController.swift */ = {isa = PBXFileReference; lastKnownFileType = sourcecode.swift; path = FixedTabelViewController.swift; sourceTree = "<group>"; };
		58048A432364C47F00F665F7 /* cities.json */ = {isa = PBXFileReference; fileEncoding = 4; lastKnownFileType = text.json; path = cities.json; sourceTree = SOURCE_ROOT; };
		580AFF012365DF1C0034FEFE /* JsonParser.swift */ = {isa = PBXFileReference; lastKnownFileType = sourcecode.swift; path = JsonParser.swift; sourceTree = "<group>"; };
		580AFF032365DF840034FEFE /* city.swift */ = {isa = PBXFileReference; fileEncoding = 4; lastKnownFileType = sourcecode.swift; path = city.swift; sourceTree = "<group>"; };
		580AFF042365DF840034FEFE /* Constnats.swift */ = {isa = PBXFileReference; fileEncoding = 4; lastKnownFileType = sourcecode.swift; path = Constnats.swift; sourceTree = "<group>"; };
		580AFF052365DF840034FEFE /* Country.swift */ = {isa = PBXFileReference; fileEncoding = 4; lastKnownFileType = sourcecode.swift; path = Country.swift; sourceTree = "<group>"; };
		5836945A236BF5C900A66839 /* CountryItem.swift */ = {isa = PBXFileReference; fileEncoding = 4; lastKnownFileType = sourcecode.swift; path = CountryItem.swift; sourceTree = "<group>"; };
		58D673F323631C050019E3A6 /* StepByStep.app */ = {isa = PBXFileReference; explicitFileType = wrapper.application; includeInIndex = 0; path = StepByStep.app; sourceTree = BUILT_PRODUCTS_DIR; };
		58D673F623631C050019E3A6 /* AppDelegate.swift */ = {isa = PBXFileReference; lastKnownFileType = sourcecode.swift; path = AppDelegate.swift; sourceTree = "<group>"; };
		58D673F823631C050019E3A6 /* ViewController.swift */ = {isa = PBXFileReference; lastKnownFileType = sourcecode.swift; path = ViewController.swift; sourceTree = "<group>"; };
		58D673FB23631C050019E3A6 /* Base */ = {isa = PBXFileReference; lastKnownFileType = file.storyboard; name = Base; path = Base.lproj/Main.storyboard; sourceTree = "<group>"; };
		58D673FD23631C070019E3A6 /* Assets.xcassets */ = {isa = PBXFileReference; lastKnownFileType = folder.assetcatalog; path = Assets.xcassets; sourceTree = "<group>"; };
		58D6740023631C070019E3A6 /* Base */ = {isa = PBXFileReference; lastKnownFileType = file.storyboard; name = Base; path = Base.lproj/LaunchScreen.storyboard; sourceTree = "<group>"; };
		58D6740223631C080019E3A6 /* Info.plist */ = {isa = PBXFileReference; lastKnownFileType = text.plist.xml; path = Info.plist; sourceTree = "<group>"; };
		A8F0156A9BFA81916C979825 /* Pods-StepByStep.debug.xcconfig */ = {isa = PBXFileReference; includeInIndex = 1; lastKnownFileType = text.xcconfig; name = "Pods-StepByStep.debug.xcconfig"; path = "Target Support Files/Pods-StepByStep/Pods-StepByStep.debug.xcconfig"; sourceTree = "<group>"; };
		AC9F99184013EA59E0D161BF /* Pods-StepByStep.release.xcconfig */ = {isa = PBXFileReference; includeInIndex = 1; lastKnownFileType = text.xcconfig; name = "Pods-StepByStep.release.xcconfig"; path = "Target Support Files/Pods-StepByStep/Pods-StepByStep.release.xcconfig"; sourceTree = "<group>"; };
/* End PBXFileReference section */

/* Begin PBXFrameworksBuildPhase section */
		58D673F023631C050019E3A6 /* Frameworks */ = {
			isa = PBXFrameworksBuildPhase;
			buildActionMask = 2147483647;
			files = (
				7FF38657332108D4B3661AA7 /* Pods_StepByStep.framework in Frameworks */,
			);
			runOnlyForDeploymentPostprocessing = 0;
		};
/* End PBXFrameworksBuildPhase section */

/* Begin PBXGroup section */
		58048A192364193D00F665F7 /* Helpers */ = {
			isa = PBXGroup;
			children = (
				58048A152363FAAF00F665F7 /* UIView+constraints.swift */,
				58048A1A2364195A00F665F7 /* Constraints.swift */,
			);
			path = Helpers;
			sourceTree = "<group>";
		};
		58048A422364C2F200F665F7 /* Model */ = {
			isa = PBXGroup;
			children = (
				5836945A236BF5C900A66839 /* CountryItem.swift */,
				580AFF032365DF840034FEFE /* city.swift */,
				580AFF042365DF840034FEFE /* Constnats.swift */,
				580AFF052365DF840034FEFE /* Country.swift */,
				58048A432364C47F00F665F7 /* cities.json */,
				580AFF012365DF1C0034FEFE /* JsonParser.swift */,
			);
			path = Model;
			sourceTree = "<group>";
		};
		580AFF0B2365DFE70034FEFE /* View */ = {
			isa = PBXGroup;
			children = (
				58048A132363FA4500F665F7 /* CountryPagingCell.swift */,
				58048A1E2364204D00F665F7 /* CityTableViewCell.swift */,
				58048A202364259300F665F7 /* FixedTabelViewController.swift */,
			);
			path = View;
			sourceTree = "<group>";
		};
		580AFF0C2365DFFC0034FEFE /* Assests */ = {
			isa = PBXGroup;
			children = (
				58D673F623631C050019E3A6 /* AppDelegate.swift */,
				58D673FA23631C050019E3A6 /* Main.storyboard */,
				58D673FD23631C070019E3A6 /* Assets.xcassets */,
				58D673FF23631C070019E3A6 /* LaunchScreen.storyboard */,
			);
			path = Assests;
			sourceTree = "<group>";
		};
		580AFF0D2365E0140034FEFE /* Controller */ = {
			isa = PBXGroup;
			children = (
				58D673F823631C050019E3A6 /* ViewController.swift */,
			);
			path = Controller;
			sourceTree = "<group>";
		};
		5836945C236BF5C900A66839 /* DumyDataModels */ = {
			isa = PBXGroup;
			children = (
			);
			path = DumyDataModels;
			sourceTree = "<group>";
		};
		58D673EA23631C050019E3A6 = {
			isa = PBXGroup;
			children = (
				58D673F523631C050019E3A6 /* StepByStep */,
				58D673F423631C050019E3A6 /* Products */,
				D172893EA4CF97882D158A53 /* Pods */,
				A685B32F3CDD35E47ED09A59 /* Frameworks */,
			);
			sourceTree = "<group>";
		};
		58D673F423631C050019E3A6 /* Products */ = {
			isa = PBXGroup;
			children = (
				58D673F323631C050019E3A6 /* StepByStep.app */,
			);
			name = Products;
			sourceTree = "<group>";
		};
		58D673F523631C050019E3A6 /* StepByStep */ = {
			isa = PBXGroup;
			children = (
				5836945C236BF5C900A66839 /* DumyDataModels */,
				58D6740223631C080019E3A6 /* Info.plist */,
				58048A422364C2F200F665F7 /* Model */,
				58048A192364193D00F665F7 /* Helpers */,
				580AFF0D2365E0140034FEFE /* Controller */,
				580AFF0C2365DFFC0034FEFE /* Assests */,
				580AFF0B2365DFE70034FEFE /* View */,
			);
			path = StepByStep;
			sourceTree = "<group>";
		};
		A685B32F3CDD35E47ED09A59 /* Frameworks */ = {
			isa = PBXGroup;
			children = (
				215F511C37297A5DFF64B366 /* Pods_StepByStep.framework */,
			);
			name = Frameworks;
			sourceTree = "<group>";
		};
		D172893EA4CF97882D158A53 /* Pods */ = {
			isa = PBXGroup;
			children = (
				A8F0156A9BFA81916C979825 /* Pods-StepByStep.debug.xcconfig */,
				AC9F99184013EA59E0D161BF /* Pods-StepByStep.release.xcconfig */,
			);
			path = Pods;
			sourceTree = "<group>";
		};
/* End PBXGroup section */

/* Begin PBXNativeTarget section */
		58D673F223631C050019E3A6 /* StepByStep */ = {
			isa = PBXNativeTarget;
			buildConfigurationList = 58D6740523631C080019E3A6 /* Build configuration list for PBXNativeTarget "StepByStep" */;
			buildPhases = (
				47DAFA8B5A7E6AF2D5A71E0C /* [CP] Check Pods Manifest.lock */,
				58D673EF23631C050019E3A6 /* Sources */,
				58D673F023631C050019E3A6 /* Frameworks */,
				58D673F123631C050019E3A6 /* Resources */,
				AB64234E274C4615714ECB95 /* [CP] Embed Pods Frameworks */,
			);
			buildRules = (
			);
			dependencies = (
			);
			name = StepByStep;
			productName = StepByStep;
			productReference = 58D673F323631C050019E3A6 /* StepByStep.app */;
			productType = "com.apple.product-type.application";
		};
/* End PBXNativeTarget section */

/* Begin PBXProject section */
		58D673EB23631C050019E3A6 /* Project object */ = {
			isa = PBXProject;
			attributes = {
				LastSwiftUpdateCheck = 1010;
				LastUpgradeCheck = 1010;
				ORGANIZATIONNAME = "Abdeltwab Elhussin";
				TargetAttributes = {
					58D673F223631C050019E3A6 = {
						CreatedOnToolsVersion = 10.1;
					};
				};
			};
			buildConfigurationList = 58D673EE23631C050019E3A6 /* Build configuration list for PBXProject "StepByStep" */;
			compatibilityVersion = "Xcode 9.3";
			developmentRegion = en;
			hasScannedForEncodings = 0;
			knownRegions = (
				en,
				Base,
			);
			mainGroup = 58D673EA23631C050019E3A6;
			productRefGroup = 58D673F423631C050019E3A6 /* Products */;
			projectDirPath = "";
			projectRoot = "";
			targets = (
				58D673F223631C050019E3A6 /* StepByStep */,
			);
		};
/* End PBXProject section */

/* Begin PBXResourcesBuildPhase section */
		58D673F123631C050019E3A6 /* Resources */ = {
			isa = PBXResourcesBuildPhase;
			buildActionMask = 2147483647;
			files = (
				58048A442364C47F00F665F7 /* cities.json in Resources */,
				58D6740123631C070019E3A6 /* LaunchScreen.storyboard in Resources */,
				58D673FE23631C070019E3A6 /* Assets.xcassets in Resources */,
				58D673FC23631C050019E3A6 /* Main.storyboard in Resources */,
			);
			runOnlyForDeploymentPostprocessing = 0;
		};
/* End PBXResourcesBuildPhase section */

/* Begin PBXShellScriptBuildPhase section */
		47DAFA8B5A7E6AF2D5A71E0C /* [CP] Check Pods Manifest.lock */ = {
			isa = PBXShellScriptBuildPhase;
			buildActionMask = 2147483647;
			files = (
			);
			inputFileListPaths = (
			);
			inputPaths = (
				"${PODS_PODFILE_DIR_PATH}/Podfile.lock",
				"${PODS_ROOT}/Manifest.lock",
			);
			name = "[CP] Check Pods Manifest.lock";
			outputFileListPaths = (
			);
			outputPaths = (
				"$(DERIVED_FILE_DIR)/Pods-StepByStep-checkManifestLockResult.txt",
			);
			runOnlyForDeploymentPostprocessing = 0;
			shellPath = /bin/sh;
			shellScript = "diff \"${PODS_PODFILE_DIR_PATH}/Podfile.lock\" \"${PODS_ROOT}/Manifest.lock\" > /dev/null\nif [ $? != 0 ] ; then\n    # print error to STDERR\n    echo \"error: The sandbox is not in sync with the Podfile.lock. Run 'pod install' or update your CocoaPods installation.\" >&2\n    exit 1\nfi\n# This output is used by Xcode 'outputs' to avoid re-running this script phase.\necho \"SUCCESS\" > \"${SCRIPT_OUTPUT_FILE_0}\"\n";
			showEnvVarsInLog = 0;
		};
		AB64234E274C4615714ECB95 /* [CP] Embed Pods Frameworks */ = {
			isa = PBXShellScriptBuildPhase;
			buildActionMask = 2147483647;
			files = (
			);
			inputFileListPaths = (
			);
			inputPaths = (
				"${PODS_ROOT}/Target Support Files/Pods-StepByStep/Pods-StepByStep-frameworks.sh",
				"${BUILT_PRODUCTS_DIR}/Parchment/Parchment.framework",
			);
			name = "[CP] Embed Pods Frameworks";
			outputFileListPaths = (
			);
			outputPaths = (
				"${TARGET_BUILD_DIR}/${FRAMEWORKS_FOLDER_PATH}/Parchment.framework",
			);
			runOnlyForDeploymentPostprocessing = 0;
			shellPath = /bin/sh;
			shellScript = "\"${PODS_ROOT}/Target Support Files/Pods-StepByStep/Pods-StepByStep-frameworks.sh\"\n";
			showEnvVarsInLog = 0;
		};
/* End PBXShellScriptBuildPhase section */

/* Begin PBXSourcesBuildPhase section */
		58D673EF23631C050019E3A6 /* Sources */ = {
			isa = PBXSourcesBuildPhase;
			buildActionMask = 2147483647;
			files = (
				58048A1F2364204D00F665F7 /* CityTableViewCell.swift in Sources */,
				58048A142363FA4500F665F7 /* CountryPagingCell.swift in Sources */,
				58048A162363FAAF00F665F7 /* UIView+constraints.swift in Sources */,
				580AFF082365DF840034FEFE /* Country.swift in Sources */,
				58D673F923631C050019E3A6 /* ViewController.swift in Sources */,
				58048A1B2364195A00F665F7 /* Constraints.swift in Sources */,
				580AFF022365DF1C0034FEFE /* JsonParser.swift in Sources */,
				580AFF072365DF840034FEFE /* Constnats.swift in Sources */,
				580AFF062365DF840034FEFE /* city.swift in Sources */,
				58048A212364259300F665F7 /* FixedTabelViewController.swift in Sources */,
				58D673F723631C050019E3A6 /* AppDelegate.swift in Sources */,
				5836945D236BF5C900A66839 /* CountryItem.swift in Sources */,
			);
			runOnlyForDeploymentPostprocessing = 0;
		};
/* End PBXSourcesBuildPhase section */

/* Begin PBXVariantGroup section */
		58D673FA23631C050019E3A6 /* Main.storyboard */ = {
			isa = PBXVariantGroup;
			children = (
				58D673FB23631C050019E3A6 /* Base */,
			);
			name = Main.storyboard;
			sourceTree = "<group>";
		};
		58D673FF23631C070019E3A6 /* LaunchScreen.storyboard */ = {
			isa = PBXVariantGroup;
			children = (
				58D6740023631C070019E3A6 /* Base */,
			);
			name = LaunchScreen.storyboard;
			sourceTree = "<group>";
		};
/* End PBXVariantGroup section */

/* Begin XCBuildConfiguration section */
		58D6740323631C080019E3A6 /* Debug */ = {
			isa = XCBuildConfiguration;
			buildSettings = {
				ALWAYS_SEARCH_USER_PATHS = NO;
				CLANG_ANALYZER_NONNULL = YES;
				CLANG_ANALYZER_NUMBER_OBJECT_CONVERSION = YES_AGGRESSIVE;
				CLANG_CXX_LANGUAGE_STANDARD = "gnu++14";
				CLANG_CXX_LIBRARY = "libc++";
				CLANG_ENABLE_MODULES = YES;
				CLANG_ENABLE_OBJC_ARC = YES;
				CLANG_ENABLE_OBJC_WEAK = YES;
				CLANG_WARN_BLOCK_CAPTURE_AUTORELEASING = YES;
				CLANG_WARN_BOOL_CONVERSION = YES;
				CLANG_WARN_COMMA = YES;
				CLANG_WARN_CONSTANT_CONVERSION = YES;
				CLANG_WARN_DEPRECATED_OBJC_IMPLEMENTATIONS = YES;
				CLANG_WARN_DIRECT_OBJC_ISA_USAGE = YES_ERROR;
				CLANG_WARN_DOCUMENTATION_COMMENTS = YES;
				CLANG_WARN_EMPTY_BODY = YES;
				CLANG_WARN_ENUM_CONVERSION = YES;
				CLANG_WARN_INFINITE_RECURSION = YES;
				CLANG_WARN_INT_CONVERSION = YES;
				CLANG_WARN_NON_LITERAL_NULL_CONVERSION = YES;
				CLANG_WARN_OBJC_IMPLICIT_RETAIN_SELF = YES;
				CLANG_WARN_OBJC_LITERAL_CONVERSION = YES;
				CLANG_WARN_OBJC_ROOT_CLASS = YES_ERROR;
				CLANG_WARN_RANGE_LOOP_ANALYSIS = YES;
				CLANG_WARN_STRICT_PROTOTYPES = YES;
				CLANG_WARN_SUSPICIOUS_MOVE = YES;
				CLANG_WARN_UNGUARDED_AVAILABILITY = YES_AGGRESSIVE;
				CLANG_WARN_UNREACHABLE_CODE = YES;
				CLANG_WARN__DUPLICATE_METHOD_MATCH = YES;
				CODE_SIGN_IDENTITY = "iPhone Developer";
				COPY_PHASE_STRIP = NO;
				DEBUG_INFORMATION_FORMAT = dwarf;
				ENABLE_STRICT_OBJC_MSGSEND = YES;
				ENABLE_TESTABILITY = YES;
				GCC_C_LANGUAGE_STANDARD = gnu11;
				GCC_DYNAMIC_NO_PIC = NO;
				GCC_NO_COMMON_BLOCKS = YES;
				GCC_OPTIMIZATION_LEVEL = 0;
				GCC_PREPROCESSOR_DEFINITIONS = (
					"DEBUG=1",
					"$(inherited)",
				);
				GCC_WARN_64_TO_32_BIT_CONVERSION = YES;
				GCC_WARN_ABOUT_RETURN_TYPE = YES_ERROR;
				GCC_WARN_UNDECLARED_SELECTOR = YES;
				GCC_WARN_UNINITIALIZED_AUTOS = YES_AGGRESSIVE;
				GCC_WARN_UNUSED_FUNCTION = YES;
				GCC_WARN_UNUSED_VARIABLE = YES;
				IPHONEOS_DEPLOYMENT_TARGET = 12.1;
				MTL_ENABLE_DEBUG_INFO = INCLUDE_SOURCE;
				MTL_FAST_MATH = YES;
				ONLY_ACTIVE_ARCH = YES;
				SDKROOT = iphoneos;
				SWIFT_ACTIVE_COMPILATION_CONDITIONS = DEBUG;
				SWIFT_OPTIMIZATION_LEVEL = "-Onone";
			};
			name = Debug;
		};
		58D6740423631C080019E3A6 /* Release */ = {
			isa = XCBuildConfiguration;
			buildSettings = {
				ALWAYS_SEARCH_USER_PATHS = NO;
				CLANG_ANALYZER_NONNULL = YES;
				CLANG_ANALYZER_NUMBER_OBJECT_CONVERSION = YES_AGGRESSIVE;
				CLANG_CXX_LANGUAGE_STANDARD = "gnu++14";
				CLANG_CXX_LIBRARY = "libc++";
				CLANG_ENABLE_MODULES = YES;
				CLANG_ENABLE_OBJC_ARC = YES;
				CLANG_ENABLE_OBJC_WEAK = YES;
				CLANG_WARN_BLOCK_CAPTURE_AUTORELEASING = YES;
				CLANG_WARN_BOOL_CONVERSION = YES;
				CLANG_WARN_COMMA = YES;
				CLANG_WARN_CONSTANT_CONVERSION = YES;
				CLANG_WARN_DEPRECATED_OBJC_IMPLEMENTATIONS = YES;
				CLANG_WARN_DIRECT_OBJC_ISA_USAGE = YES_ERROR;
				CLANG_WARN_DOCUMENTATION_COMMENTS = YES;
				CLANG_WARN_EMPTY_BODY = YES;
				CLANG_WARN_ENUM_CONVERSION = YES;
				CLANG_WARN_INFINITE_RECURSION = YES;
				CLANG_WARN_INT_CONVERSION = YES;
				CLANG_WARN_NON_LITERAL_NULL_CONVERSION = YES;
				CLANG_WARN_OBJC_IMPLICIT_RETAIN_SELF = YES;
				CLANG_WARN_OBJC_LITERAL_CONVERSION = YES;
				CLANG_WARN_OBJC_ROOT_CLASS = YES_ERROR;
				CLANG_WARN_RANGE_LOOP_ANALYSIS = YES;
				CLANG_WARN_STRICT_PROTOTYPES = YES;
				CLANG_WARN_SUSPICIOUS_MOVE = YES;
				CLANG_WARN_UNGUARDED_AVAILABILITY = YES_AGGRESSIVE;
				CLANG_WARN_UNREACHABLE_CODE = YES;
				CLANG_WARN__DUPLICATE_METHOD_MATCH = YES;
				CODE_SIGN_IDENTITY = "iPhone Developer";
				COPY_PHASE_STRIP = NO;
				DEBUG_INFORMATION_FORMAT = "dwarf-with-dsym";
				ENABLE_NS_ASSERTIONS = NO;
				ENABLE_STRICT_OBJC_MSGSEND = YES;
				GCC_C_LANGUAGE_STANDARD = gnu11;
				GCC_NO_COMMON_BLOCKS = YES;
				GCC_WARN_64_TO_32_BIT_CONVERSION = YES;
				GCC_WARN_ABOUT_RETURN_TYPE = YES_ERROR;
				GCC_WARN_UNDECLARED_SELECTOR = YES;
				GCC_WARN_UNINITIALIZED_AUTOS = YES_AGGRESSIVE;
				GCC_WARN_UNUSED_FUNCTION = YES;
				GCC_WARN_UNUSED_VARIABLE = YES;
				IPHONEOS_DEPLOYMENT_TARGET = 12.1;
				MTL_ENABLE_DEBUG_INFO = NO;
				MTL_FAST_MATH = YES;
				SDKROOT = iphoneos;
				SWIFT_COMPILATION_MODE = wholemodule;
				SWIFT_OPTIMIZATION_LEVEL = "-O";
				VALIDATE_PRODUCT = YES;
			};
			name = Release;
		};
		58D6740623631C080019E3A6 /* Debug */ = {
			isa = XCBuildConfiguration;
			baseConfigurationReference = A8F0156A9BFA81916C979825 /* Pods-StepByStep.debug.xcconfig */;
			buildSettings = {
				ASSETCATALOG_COMPILER_APPICON_NAME = AppIcon;
				CODE_SIGN_STYLE = Automatic;
				INFOPLIST_FILE = StepByStep/Info.plist;
				LD_RUNPATH_SEARCH_PATHS = (
					"$(inherited)",
					"@executable_path/Frameworks",
				);
				PRODUCT_BUNDLE_IDENTIFIER = IOSNinja.StepByStep;
				PRODUCT_NAME = "$(TARGET_NAME)";
				SWIFT_VERSION = 4.2;
				TARGETED_DEVICE_FAMILY = "1,2";
			};
			name = Debug;
		};
		58D6740723631C080019E3A6 /* Release */ = {
			isa = XCBuildConfiguration;
			baseConfigurationReference = AC9F99184013EA59E0D161BF /* Pods-StepByStep.release.xcconfig */;
			buildSettings = {
				ASSETCATALOG_COMPILER_APPICON_NAME = AppIcon;
				CODE_SIGN_STYLE = Automatic;
				INFOPLIST_FILE = StepByStep/Info.plist;
				LD_RUNPATH_SEARCH_PATHS = (
					"$(inherited)",
					"@executable_path/Frameworks",
				);
				PRODUCT_BUNDLE_IDENTIFIER = IOSNinja.StepByStep;
				PRODUCT_NAME = "$(TARGET_NAME)";
				SWIFT_VERSION = 4.2;
				TARGETED_DEVICE_FAMILY = "1,2";
			};
			name = Release;
		};
/* End XCBuildConfiguration section */

/* Begin XCConfigurationList section */
		58D673EE23631C050019E3A6 /* Build configuration list for PBXProject "StepByStep" */ = {
			isa = XCConfigurationList;
			buildConfigurations = (
				58D6740323631C080019E3A6 /* Debug */,
				58D6740423631C080019E3A6 /* Release */,
			);
			defaultConfigurationIsVisible = 0;
			defaultConfigurationName = Release;
		};
		58D6740523631C080019E3A6 /* Build configuration list for PBXNativeTarget "StepByStep" */ = {
			isa = XCConfigurationList;
			buildConfigurations = (
				58D6740623631C080019E3A6 /* Debug */,
				58D6740723631C080019E3A6 /* Release */,
			);
			defaultConfigurationIsVisible = 0;
			defaultConfigurationName = Release;
		};
/* End XCConfigurationList section */
	};
	rootObject = 58D673EB23631C050019E3A6 /* Project object */;
}
